
Microsoft Visual Studio Solution File, Format Version 12.00
# Visual Studio Version 16
VisualStudioVersion = 16.0.31005.135
MinimumVisualStudioVersion = 10.0.40219.1
Project("{FAE04EC0-301F-11D3-BF4B-00C04F79EFBC}") = "DatingApp", "DatingApp\DatingApp.csproj", "{ADFF2377-8267-44E9-BFB9-BC5CBBABDE41}"
EndProject
Global
	GlobalSection(SolutionConfigurationPlatforms) = preSolution
		Debug|Any CPU = Debug|Any CPU
		Release|Any CPU = Release|Any CPU
	EndGlobalSection
	GlobalSection(ProjectConfigurationPlatforms) = postSolution
		{ADFF2377-8267-44E9-BFB9-BC5CBBABDE41}.Debug|Any CPU.ActiveCfg = Debug|Any CPU
		{ADFF2377-8267-44E9-BFB9-BC5CBBABDE41}.Debug|Any CPU.Build.0 = Debug|Any CPU
		{ADFF2377-8267-44E9-BFB9-BC5CBBABDE41}.Release|Any CPU.ActiveCfg = Release|Any CPU
		{ADFF2377-8267-44E9-BFB9-BC5CBBABDE41}.Release|Any CPU.Build.0 = Release|Any CPU
	EndGlobalSection
	GlobalSection(SolutionProperties) = preSolution
		HideSolutionNode = FALSE
	EndGlobalSection
	GlobalSection(ExtensibilityGlobals) = postSolution
		SolutionGuid = {10AFEEE0-B46F-436C-BDC5-75B3B7083567}
	EndGlobalSection
EndGlobal
